# THIS IS AN AUTOGENERATED FILE. DO NOT EDIT THIS FILE DIRECTLY.
# yarn lockfile v1


"@playwright/test@latest":
  version "1.50.0"
  resolved "https://registry.npmjs.org/@playwright/test/-/test-1.50.0.tgz"
  integrity sha512-ZGNXbt+d65EGjBORQHuYKj+XhCewlwpnSd/EDuLPZGSiEWmgOJB5RmMCCYGy5aMfTs9wx61RivfDKi8H/hcMvw==
  dependencies:
    playwright "1.50.0"

playwright-core@1.50.0:
  version "1.50.0"

playwright@1.50.0:
  version "1.50.0"
  dependencies:
    playwright-core "1.50.0"
  optionalDependencies:
    fsevents "2.3.2"

typescript@latest:
  version "5.7.3"
  resolved "https://registry.npmjs.org/typescript/-/typescript-5.7.3.tgz"
  integrity sha512-84MVSjMEHP+FQRPy3pX9sTVV/INIex71s9TL2Gm5FG/WG1SqXeKyZ0k7/blY/4FdOzI12CBy1vGc4og/eus0fw==

url-join-ts@^1.0.5:
  version "1.0.5"
